
Microsoft Visual Studio Solution File, Format Version 12.00
# Visual Studio Version 17
VisualStudioVersion = 17.14.36429.23 d17.14
MinimumVisualStudioVersion = 10.0.40219.1
Project("{FAE04EC0-301F-11D3-BF4B-00C04F79EFBC}") = "NewGameFindWords", "NewGameFindWords\NewGameFindWords.csproj", "{DD253492-37C6-498F-9640-393D54CF4F29}"
EndProject
Global
	GlobalSection(SolutionConfigurationPlatforms) = preSolution
		Debug|Any CPU = Debug|Any CPU
		Release|Any CPU = Release|Any CPU
	EndGlobalSection
	GlobalSection(ProjectConfigurationPlatforms) = postSolution
		{DD253492-37C6-498F-9640-393D54CF4F29}.Debug|Any CPU.ActiveCfg = Debug|Any CPU
		{DD253492-37C6-498F-9640-393D54CF4F29}.Debug|Any CPU.Build.0 = Debug|Any CPU
		{DD253492-37C6-498F-9640-393D54CF4F29}.Release|Any CPU.ActiveCfg = Release|Any CPU
		{DD253492-37C6-498F-9640-393D54CF4F29}.Release|Any CPU.Build.0 = Release|Any CPU
	EndGlobalSection
	GlobalSection(SolutionProperties) = preSolution
		HideSolutionNode = FALSE
	EndGlobalSection
	GlobalSection(ExtensibilityGlobals) = postSolution
		SolutionGuid = {672A72D7-0C0C-4EEF-979B-D34BF0779F68}
	EndGlobalSection
EndGlobal
